# This lock file was generated by conda-lock (https://github.com/conda/conda-lock). DO NOT EDIT!
#
# A "lock file" contains a concrete list of package versions (with checksums) to be installed. Unlike
# e.g. `conda env create`, the resulting environment will not change as new package versions become
# available, unless you explicitly update the lock file.
#
# Install this environment as "YOURENV" with:
#     conda-lock install -n YOURENV --file conda-lock.yml
# This lock contains optional development dependencies. Include them in the installed environment with:
#     conda-lock install --dev-dependencies -n YOURENV --file conda-lock.yml
# To update a single package to the latest version compatible with the version constraints in the source:
#     conda-lock lock  --lockfile conda-lock.yml --update PACKAGE
# To re-solve the entire environment, e.g. after changing a version constraint in the source file:
#     conda-lock -f pyproject.toml --lockfile conda-lock.yml
version: 1
metadata:
  content_hash:
    linux-64: cc17ab96fc4f449df780406f04cd1d70c19f2986dec132656f969426b4a34844
  channels:
  - url: conda-forge
    used_env_vars: []
  platforms:
  - linux-64
  sources:
  - pyproject.toml
package:
- name: _libgcc_mutex
  version: '0.1'
  manager: conda
  platform: linux-64
  dependencies: {}
  url: https://conda.anaconda.org/conda-forge/linux-64/_libgcc_mutex-0.1-conda_forge.tar.bz2
  hash:
    md5: d7c89558ba9fa0495403155b64376d81
    sha256: fe51de6107f9edc7aa4f786a70f4a883943bc9d39b3bb7307c04c41410990726
  category: main
  optional: false
- name: _openmp_mutex
  version: '4.5'
  manager: conda
  platform: linux-64
  dependencies:
    _libgcc_mutex: '0.1'
    libgomp: '>=7.5.0'
  url: https://conda.anaconda.org/conda-forge/linux-64/_openmp_mutex-4.5-2_gnu.tar.bz2
  hash:
    md5: 73aaf86a425cc6e73fcf236a5a46396d
    sha256: fbe2c5e56a653bebb982eda4876a9178aedfc2b545f25d0ce9c4c0b508253d22
  category: main
  optional: false
- name: bzip2
  version: 1.0.8
  manager: conda
  platform: linux-64
  dependencies:
    libgcc-ng: '>=12'
  url: https://conda.anaconda.org/conda-forge/linux-64/bzip2-1.0.8-hd590300_5.conda
  hash:
    md5: 69b8b6202a07720f448be700e300ccf4
    sha256: 242c0c324507ee172c0e0dd2045814e746bb303d1eb78870d182ceb0abc726a8
  category: main
  optional: false
- name: ca-certificates
  version: 2024.2.2
  manager: conda
  platform: linux-64
  dependencies: {}
  url: https://conda.anaconda.org/conda-forge/linux-64/ca-certificates-2024.2.2-hbcca054_0.conda
  hash:
    md5: 2f4327a1cbe7f022401b236e915a5fef
    sha256: 91d81bfecdbb142c15066df70cc952590ae8991670198f92c66b62019b251aeb
  category: main
  optional: false
- name: cffi
  version: 1.16.0
  manager: conda
  platform: linux-64
  dependencies:
    libffi: '>=3.4,<4.0a0'
    libgcc-ng: '>=12'
    pycparser: ''
    python: '>=3.10,<3.11.0a0'
    python_abi: 3.10.*
  url: https://conda.anaconda.org/conda-forge/linux-64/cffi-1.16.0-py310h2fee648_0.conda
  hash:
    md5: 45846a970e71ac98fd327da5d40a0a2c
    sha256: 007e7f69ab45553b7bf11f2c1b8d3f3a13fd42997266a0d57795f41c7d38df36
  category: dev
  optional: true
- name: colorama
  version: 0.4.6
  manager: conda
  platform: linux-64
  dependencies:
    python: '>=3.7'
  url: https://conda.anaconda.org/conda-forge/noarch/colorama-0.4.6-pyhd8ed1ab_0.tar.bz2
  hash:
    md5: 3faab06a954c2a04039983f2c4a50d99
    sha256: 2c1b2e9755ce3102bca8d69e8f26e4f087ece73f50418186aee7c74bef8e1698
  category: dev
  optional: true
- name: exceptiongroup
  version: 1.2.0
  manager: conda
  platform: linux-64
  dependencies:
    python: '>=3.7'
  url: https://conda.anaconda.org/conda-forge/noarch/exceptiongroup-1.2.0-pyhd8ed1ab_2.conda
  hash:
    md5: 8d652ea2ee8eaee02ed8dc820bc794aa
    sha256: a6ae416383bda0e3ed14eaa187c653e22bec94ff2aa3b56970cdf0032761e80d
  category: dev
  optional: true
- name: iniconfig
  version: 2.0.0
  manager: conda
  platform: linux-64
  dependencies:
    python: '>=3.7'
  url: https://conda.anaconda.org/conda-forge/noarch/iniconfig-2.0.0-pyhd8ed1ab_0.conda
  hash:
    md5: f800d2da156d08e289b14e87e43c1ae5
    sha256: 38740c939b668b36a50ef455b077e8015b8c9cf89860d421b3fff86048f49666
  category: dev
  optional: true
- name: ld_impl_linux-64
  version: '2.40'
  manager: conda
  platform: linux-64
  dependencies: {}
  url: https://conda.anaconda.org/conda-forge/linux-64/ld_impl_linux-64-2.40-h41732ed_0.conda
  hash:
    md5: 7aca3059a1729aa76c597603f10b0dd3
    sha256: f6cc89d887555912d6c61b295d398cff9ec982a3417d38025c45d5dd9b9e79cd
  category: main
  optional: false
- name: libblas
  version: 3.9.0
  manager: conda
  platform: linux-64
  dependencies:
    libopenblas: '>=0.3.26,<1.0a0'
  url: https://conda.anaconda.org/conda-forge/linux-64/libblas-3.9.0-21_linux64_openblas.conda
  hash:
    md5: 0ac9f44fc096772b0aa092119b00c3ca
    sha256: ebd5c91f029f779fb88a1fcbd1e499559a9c258e3674ff58a2fbb4e375ae56d9
  category: main
  optional: false
- name: libcblas
  version: 3.9.0
  manager: conda
  platform: linux-64
  dependencies:
    libblas: 3.9.0
  url: https://conda.anaconda.org/conda-forge/linux-64/libcblas-3.9.0-21_linux64_openblas.conda
  hash:
    md5: 4a3816d06451c4946e2db26b86472cb6
    sha256: 467bbfbfe1a1aeb8b1f9f6485eedd8ed1b6318941bf3702da72336ccf4dc25a6
  category: main
  optional: false
- name: libffi
  version: 3.4.2
  manager: conda
  platform: linux-64
  dependencies:
    libgcc-ng: '>=9.4.0'
  url: https://conda.anaconda.org/conda-forge/linux-64/libffi-3.4.2-h7f98852_5.tar.bz2
  hash:
    md5: d645c6d2ac96843a2bfaccd2d62b3ac3
    sha256: ab6e9856c21709b7b517e940ae7028ae0737546122f83c2aa5d692860c3b149e
  category: main
  optional: false
- name: libgcc-ng
  version: 13.2.0
  manager: conda
  platform: linux-64
  dependencies:
    _libgcc_mutex: '0.1'
    _openmp_mutex: '>=4.5'
  url: https://conda.anaconda.org/conda-forge/linux-64/libgcc-ng-13.2.0-h807b86a_5.conda
  hash:
    md5: d4ff227c46917d3b4565302a2bbb276b
    sha256: d32f78bfaac282cfe5205f46d558704ad737b8dbf71f9227788a5ca80facaba4
  category: main
  optional: false
- name: libgfortran-ng
  version: 13.2.0
  manager: conda
  platform: linux-64
  dependencies:
    libgfortran5: 13.2.0
  url: https://conda.anaconda.org/conda-forge/linux-64/libgfortran-ng-13.2.0-h69a702a_5.conda
  hash:
    md5: e73e9cfd1191783392131e6238bdb3e9
    sha256: 238c16c84124d58307376715839aa152bd4a1bf5a043052938ad6c3137d30245
  category: main
  optional: false
- name: libgfortran5
  version: 13.2.0
  manager: conda
  platform: linux-64
  dependencies:
    libgcc-ng: '>=13.2.0'
  url: https://conda.anaconda.org/conda-forge/linux-64/libgfortran5-13.2.0-ha4646dd_5.conda
  hash:
    md5: 7a6bd7a12a4bd359e2afe6c0fa1acace
    sha256: ba8d94e8493222ce155bb264d9de4200e41498a458e866fedf444de809bde8b6
  category: main
  optional: false
- name: libgomp
  version: 13.2.0
  manager: conda
  platform: linux-64
  dependencies:
    _libgcc_mutex: '0.1'
  url: https://conda.anaconda.org/conda-forge/linux-64/libgomp-13.2.0-h807b86a_5.conda
  hash:
    md5: d211c42b9ce49aee3734fdc828731689
    sha256: 0d3d4b1b0134283ea02d58e8eb5accf3655464cf7159abf098cc694002f8d34e
  category: main
  optional: false
- name: liblapack
  version: 3.9.0
  manager: conda
  platform: linux-64
  dependencies:
    libblas: 3.9.0
  url: https://conda.anaconda.org/conda-forge/linux-64/liblapack-3.9.0-21_linux64_openblas.conda
  hash:
    md5: 1a42f305615c3867684e049e85927531
    sha256: 64b5c35dce00dd6f9f53178b2fe87116282e00967970bd6551a5a42923806ded
  category: main
  optional: false
- name: libnsl
  version: 2.0.1
  manager: conda
  platform: linux-64
  dependencies:
    libgcc-ng: '>=12'
  url: https://conda.anaconda.org/conda-forge/linux-64/libnsl-2.0.1-hd590300_0.conda
  hash:
    md5: 30fd6e37fe21f86f4bd26d6ee73eeec7
    sha256: 26d77a3bb4dceeedc2a41bd688564fe71bf2d149fdcf117049970bc02ff1add6
  category: main
  optional: false
- name: libopenblas
  version: 0.3.26
  manager: conda
  platform: linux-64
  dependencies:
    libgcc-ng: '>=12'
    libgfortran-ng: ''
    libgfortran5: '>=12.3.0'
  url: https://conda.anaconda.org/conda-forge/linux-64/libopenblas-0.3.26-pthreads_h413a1c8_0.conda
  hash:
    md5: 760ae35415f5ba8b15d09df5afe8b23a
    sha256: b626954b5a1113dafec8df89fa8bf18ce9b4701464d9f084ddd7fc9fac404bbd
  category: main
  optional: false
- name: libsqlite
  version: 3.45.1
  manager: conda
  platform: linux-64
  dependencies:
    libgcc-ng: '>=12'
    libzlib: '>=1.2.13,<1.3.0a0'
  url: https://conda.anaconda.org/conda-forge/linux-64/libsqlite-3.45.1-h2797004_0.conda
  hash:
    md5: fc4ccadfbf6d4784de88c41704792562
    sha256: 1b379d1c652b25d0540251d422ef767472e768fd36b77261045e97f9ba6d3faa
  category: main
  optional: false
- name: libstdcxx-ng
  version: 13.2.0
  manager: conda
  platform: linux-64
  dependencies: {}
  url: https://conda.anaconda.org/conda-forge/linux-64/libstdcxx-ng-13.2.0-h7e041cc_5.conda
  hash:
    md5: f6f6600d18a4047b54f803cf708b868a
    sha256: a56c5b11f1e73a86e120e6141a42d9e935a99a2098491ac9e15347a1476ce777
  category: main
  optional: false
- name: libuuid
  version: 2.38.1
  manager: conda
  platform: linux-64
  dependencies:
    libgcc-ng: '>=12'
  url: https://conda.anaconda.org/conda-forge/linux-64/libuuid-2.38.1-h0b41bf4_0.conda
  hash:
    md5: 40b61aab5c7ba9ff276c41cfffe6b80b
    sha256: 787eb542f055a2b3de553614b25f09eefb0a0931b0c87dbcce6efdfd92f04f18
  category: main
  optional: false
- name: libxcrypt
  version: 4.4.36
  manager: conda
  platform: linux-64
  dependencies:
    libgcc-ng: '>=12'
  url: https://conda.anaconda.org/conda-forge/linux-64/libxcrypt-4.4.36-hd590300_1.conda
  hash:
    md5: 5aa797f8787fe7a17d1b0821485b5adc
    sha256: 6ae68e0b86423ef188196fff6207ed0c8195dd84273cb5623b85aa08033a410c
  category: main
  optional: false
- name: libzlib
  version: 1.2.13
  manager: conda
  platform: linux-64
  dependencies:
    libgcc-ng: '>=12'
  url: https://conda.anaconda.org/conda-forge/linux-64/libzlib-1.2.13-hd590300_5.conda
  hash:
    md5: f36c115f1ee199da648e0597ec2047ad
    sha256: 370c7c5893b737596fd6ca0d9190c9715d89d888b8c88537ae1ef168c25e82e4
  category: main
  optional: false
- name: ncurses
  version: '6.4'
  manager: conda
  platform: linux-64
  dependencies:
    libgcc-ng: '>=12'
  url: https://conda.anaconda.org/conda-forge/linux-64/ncurses-6.4-h59595ed_2.conda
  hash:
    md5: 7dbaa197d7ba6032caf7ae7f32c1efa0
    sha256: 91cc03f14caf96243cead96c76fe91ab5925a695d892e83285461fb927dece5e
  category: main
  optional: false
- name: numpy
  version: 1.26.4
  manager: conda
  platform: linux-64
  dependencies:
    libblas: '>=3.9.0,<4.0a0'
    libcblas: '>=3.9.0,<4.0a0'
    libgcc-ng: '>=12'
    liblapack: '>=3.9.0,<4.0a0'
    libstdcxx-ng: '>=12'
    python: '>=3.10,<3.11.0a0'
    python_abi: 3.10.*
  url: https://conda.anaconda.org/conda-forge/linux-64/numpy-1.26.4-py310hb13e2d6_0.conda
  hash:
    md5: 6593de64c935768b6bad3e19b3e978be
    sha256: 028fe2ea8e915a0a032b75165f11747770326f3d767e642880540c60a3256425
  category: main
  optional: false
- name: openssl
  version: 3.2.1
  manager: conda
  platform: linux-64
  dependencies:
    ca-certificates: ''
    libgcc-ng: '>=12'
  url: https://conda.anaconda.org/conda-forge/linux-64/openssl-3.2.1-hd590300_0.conda
  hash:
    md5: 51a753e64a3027bd7e23a189b1f6e91e
    sha256: c02c12bdb898daacf7eb3d09859f93ea8f285fd1a6132ff6ff0493ab52c7fe57
  category: main
  optional: false
- name: packaging
  version: '23.2'
  manager: conda
  platform: linux-64
  dependencies:
    python: '>=3.7'
  url: https://conda.anaconda.org/conda-forge/noarch/packaging-23.2-pyhd8ed1ab_0.conda
  hash:
    md5: 79002079284aa895f883c6b7f3f88fd6
    sha256: 69b3ace6cca2dab9047b2c24926077d81d236bef45329d264b394001e3c3e52f
  category: dev
  optional: true
- name: pip
  version: '24.0'
  manager: conda
  platform: linux-64
  dependencies:
    python: '>=3.7'
    setuptools: ''
    wheel: ''
  url: https://conda.anaconda.org/conda-forge/noarch/pip-24.0-pyhd8ed1ab_0.conda
  hash:
    md5: f586ac1e56c8638b64f9c8122a7b8a67
    sha256: b7c1c5d8f13e8cb491c4bd1d0d1896a4cf80fc47de01059ad77509112b664a4a
  category: main
  optional: false
- name: pluggy
  version: 1.4.0
  manager: conda
  platform: linux-64
  dependencies:
    python: '>=3.8'
  url: https://conda.anaconda.org/conda-forge/noarch/pluggy-1.4.0-pyhd8ed1ab_0.conda
  hash:
    md5: 139e9feb65187e916162917bb2484976
    sha256: 6edfd2c41938ea772096c674809bfcf2ebb9bef7e82de6c7ea0b966b86bfb4d0
  category: dev
  optional: true
- name: pycparser
  version: '2.21'
  manager: conda
  platform: linux-64
  dependencies:
    python: 2.7.*|>=3.4
  url: https://conda.anaconda.org/conda-forge/noarch/pycparser-2.21-pyhd8ed1ab_0.tar.bz2
  hash:
    md5: 076becd9e05608f8dc72757d5f3a91ff
    sha256: 74c63fd03f1f1ea2b54e8bc529fd1a600aaafb24027b738d0db87909ee3a33dc
  category: dev
  optional: true
- name: pytest
  version: 8.0.0
  manager: conda
  platform: linux-64
  dependencies:
    colorama: ''
    exceptiongroup: '>=1.0.0rc8'
    iniconfig: ''
    packaging: ''
    pluggy: <2.0,>=1.4.0
    python: '>=3.8'
    tomli: '>=1.0.0'
  url: https://conda.anaconda.org/conda-forge/noarch/pytest-8.0.0-pyhd8ed1ab_0.conda
  hash:
    md5: 5ba1cc5b924226349d4a49fb547b7579
    sha256: 42717ca3e48c08b3098db01cbb3c04afd5fa67e67bad4691f2b88781269580a7
  category: dev
  optional: true
- name: pytest-mock
  version: 3.12.0
  manager: conda
  platform: linux-64
  dependencies:
    pytest: '>=5.0'
    python: '>=3.8'
  url: https://conda.anaconda.org/conda-forge/noarch/pytest-mock-3.12.0-pyhd8ed1ab_0.conda
  hash:
    md5: ac9fedc9a0c397f2318e82525491dd83
    sha256: 58d3bd93a0cf9b51ac105de1e01b1fcd1fcfa5993023b67658344e329b02d6e0
  category: dev
  optional: true
- name: python
  version: 3.10.13
  manager: conda
  platform: linux-64
  dependencies:
    bzip2: '>=1.0.8,<2.0a0'
    ld_impl_linux-64: '>=2.36.1'
    libffi: '>=3.4,<4.0a0'
    libgcc-ng: '>=12'
    libnsl: '>=2.0.1,<2.1.0a0'
    libsqlite: '>=3.44.2,<4.0a0'
    libuuid: '>=2.38.1,<3.0a0'
    libxcrypt: '>=4.4.36'
    libzlib: '>=1.2.13,<1.3.0a0'
    ncurses: '>=6.4,<7.0a0'
    openssl: '>=3.2.0,<4.0a0'
    readline: '>=8.2,<9.0a0'
    tk: '>=8.6.13,<8.7.0a0'
    tzdata: ''
    xz: '>=5.2.6,<6.0a0'
    pip: ''
  url: https://conda.anaconda.org/conda-forge/linux-64/python-3.10.13-hd12c33a_1_cpython.conda
  hash:
    md5: ed38140af93f81319ebc472fbcf16cca
    sha256: 4234c8e301737aa245d12c8fb44a4128005795e42883977c29cca3f34c71a1eb
  category: main
  optional: false
- name: python_abi
  version: '3.10'
  manager: conda
  platform: linux-64
  dependencies: {}
  url: https://conda.anaconda.org/conda-forge/linux-64/python_abi-3.10-4_cp310.conda
  hash:
    md5: 26322ec5d7712c3ded99dd656142b8ce
    sha256: 456bec815bfc2b364763084d08b412fdc4c17eb9ccc66a36cb775fa7ac3cbaec
  category: main
  optional: false
- name: readline
  version: '8.2'
  manager: conda
  platform: linux-64
  dependencies:
    libgcc-ng: '>=12'
    ncurses: '>=6.3,<7.0a0'
  url: https://conda.anaconda.org/conda-forge/linux-64/readline-8.2-h8228510_1.conda
  hash:
    md5: 47d31b792659ce70f470b5c82fdfb7a4
    sha256: 5435cf39d039387fbdc977b0a762357ea909a7694d9528ab40f005e9208744d7
  category: main
  optional: false
- name: ruff
  version: 0.2.1
  manager: conda
  platform: linux-64
  dependencies:
    libgcc-ng: '>=12'
    libstdcxx-ng: '>=12'
    python: '>=3.10,<3.11.0a0'
    python_abi: 3.10.*
  url: https://conda.anaconda.org/conda-forge/linux-64/ruff-0.2.1-py310h3d77a66_0.conda
  hash:
    md5: eec9b28e9b58bb5a8e0fd7acbac896fd
    sha256: 83fc59825289386613aecee5d33e714879e5ac74db582bd29082ccd8ce2cd75b
  category: dev
  optional: true
- name: setuptools
  version: 69.0.3
  manager: conda
  platform: linux-64
  dependencies:
    python: '>=3.7'
  url: https://conda.anaconda.org/conda-forge/noarch/setuptools-69.0.3-pyhd8ed1ab_0.conda
  hash:
    md5: 40695fdfd15a92121ed2922900d0308b
    sha256: 0fe2a0473ad03dac6c7f5c42ef36a8e90673c88a0350dfefdea4b08d43803db2
  category: main
  optional: false
- name: tk
  version: 8.6.13
  manager: conda
  platform: linux-64
  dependencies:
    libgcc-ng: '>=12'
    libzlib: '>=1.2.13,<1.3.0a0'
  url: https://conda.anaconda.org/conda-forge/linux-64/tk-8.6.13-noxft_h4845f30_101.conda
  hash:
    md5: d453b98d9c83e71da0741bb0ff4d76bc
    sha256: e0569c9caa68bf476bead1bed3d79650bb080b532c64a4af7d8ca286c08dea4e
  category: main
  optional: false
- name: tomli
  version: 2.0.1
  manager: conda
  platform: linux-64
  dependencies:
    python: '>=3.7'
  url: https://conda.anaconda.org/conda-forge/noarch/tomli-2.0.1-pyhd8ed1ab_0.tar.bz2
  hash:
    md5: 5844808ffab9ebdb694585b50ba02a96
    sha256: 4cd48aba7cd026d17e86886af48d0d2ebc67ed36f87f6534f4b67138f5a5a58f
  category: dev
  optional: true
- name: tzdata
  version: 2024a
  manager: conda
  platform: linux-64
  dependencies: {}
  url: https://conda.anaconda.org/conda-forge/noarch/tzdata-2024a-h0c530f3_0.conda
  hash:
    md5: 161081fc7cec0bfda0d86d7cb595f8d8
    sha256: 7b2b69c54ec62a243eb6fba2391b5e443421608c3ae5dbff938ad33ca8db5122
  category: main
  optional: false
- name: wheel
  version: 0.42.0
  manager: conda
  platform: linux-64
  dependencies:
    python: '>=3.7'
  url: https://conda.anaconda.org/conda-forge/noarch/wheel-0.42.0-pyhd8ed1ab_0.conda
  hash:
    md5: 1cdea58981c5cbc17b51973bcaddcea7
    sha256: 80be0ccc815ce22f80c141013302839b0ed938a2edb50b846cf48d8a8c1cfa01
  category: main
  optional: false
- name: xz
  version: 5.2.6
  manager: conda
  platform: linux-64
  dependencies:
    libgcc-ng: '>=12'
  url: https://conda.anaconda.org/conda-forge/linux-64/xz-5.2.6-h166bdaf_0.tar.bz2
  hash:
    md5: 2161070d867d1b1204ea749c8eec4ef0
    sha256: 03a6d28ded42af8a347345f82f3eebdd6807a08526d47899a42d62d319609162
  category: main
  optional: false
